
Microsoft Visual Studio Solution File, Format Version 12.00
# Visual Studio 14
VisualStudioVersion = 14.0.25420.1
MinimumVisualStudioVersion = 10.0.40219.1
Project("{FAE04EC0-301F-11D3-BF4B-00C04F79EFBC}") = "WApplication1", "WApplication1\WApplication1.csproj", "{F6C45889-DE89-41BC-97CD-B45A0DA3AADD}"
EndProject
Global
	GlobalSection(SolutionConfigurationPlatforms) = preSolution
		Debug|Any CPU = Debug|Any CPU
		Release|Any CPU = Release|Any CPU
	EndGlobalSection
	GlobalSection(ProjectConfigurationPlatforms) = postSolution
		{F6C45889-DE89-41BC-97CD-B45A0DA3AADD}.Debug|Any CPU.ActiveCfg = Debug|Any CPU
		{F6C45889-DE89-41BC-97CD-B45A0DA3AADD}.Debug|Any CPU.Build.0 = Debug|Any CPU
		{F6C45889-DE89-41BC-97CD-B45A0DA3AADD}.Release|Any CPU.ActiveCfg = Release|Any CPU
		{F6C45889-DE89-41BC-97CD-B45A0DA3AADD}.Release|Any CPU.Build.0 = Release|Any CPU
	EndGlobalSection
	GlobalSection(SolutionProperties) = preSolution
		HideSolutionNode = FALSE
	EndGlobalSection
EndGlobal
